
Microsoft Visual Studio Solution File, Format Version 12.00
# Visual Studio Version 17
VisualStudioVersion = 17.14.36623.8
MinimumVisualStudioVersion = 10.0.40219.1
Project("{FAE04EC0-301F-11D3-BF4B-00C04F79EFBC}") = "InternshipCompaniesDatabase", "InternshipDB\InternshipCompaniesDatabase.csproj", "{CC1A1FCD-EDD6-41F4-A534-21EBC401AA10}"
EndProject
Global
	GlobalSection(SolutionConfigurationPlatforms) = preSolution
		Debug|Any CPU = Debug|Any CPU
		Release|Any CPU = Release|Any CPU
	EndGlobalSection
	GlobalSection(ProjectConfigurationPlatforms) = postSolution
		{CC1A1FCD-EDD6-41F4-A534-21EBC401AA10}.Debug|Any CPU.ActiveCfg = Debug|Any CPU
		{CC1A1FCD-EDD6-41F4-A534-21EBC401AA10}.Debug|Any CPU.Build.0 = Debug|Any CPU
		{CC1A1FCD-EDD6-41F4-A534-21EBC401AA10}.Release|Any CPU.ActiveCfg = Release|Any CPU
		{CC1A1FCD-EDD6-41F4-A534-21EBC401AA10}.Release|Any CPU.Build.0 = Release|Any CPU
	EndGlobalSection
	GlobalSection(SolutionProperties) = preSolution
		HideSolutionNode = FALSE
	EndGlobalSection
	GlobalSection(ExtensibilityGlobals) = postSolution
		SolutionGuid = {A48B215D-D49E-485A-AACF-2403593E98DC}
	EndGlobalSection
EndGlobal
